// !$*UTF8*$!
{
	archiveVersion = 1;
	classes = {
	};
	objectVersion = 46;
	objects = {

/* Begin PBXBuildFile section */
		5A7F1C011CB803A40099B3A3 /* AppDelegate.swift in Sources */ = {isa = PBXBuildFile; fileRef = 5A7F1C001CB803A40099B3A3 /* AppDelegate.swift */; };
		5A7F1C031CB803A40099B3A3 /* ViewController.swift in Sources */ = {isa = PBXBuildFile; fileRef = 5A7F1C021CB803A40099B3A3 /* ViewController.swift */; };
		5A7F1C061CB803A40099B3A3 /* Main.storyboard in Resources */ = {isa = PBXBuildFile; fileRef = 5A7F1C041CB803A40099B3A3 /* Main.storyboard */; };
		5A7F1C081CB803A50099B3A3 /* Assets.xcassets in Resources */ = {isa = PBXBuildFile; fileRef = 5A7F1C071CB803A50099B3A3 /* Assets.xcassets */; };
		5A7F1C0B1CB803A50099B3A3 /* LaunchScreen.storyboard in Resources */ = {isa = PBXBuildFile; fileRef = 5A7F1C091CB803A50099B3A3 /* LaunchScreen.storyboard */; };
		5A7F1C161CB803A50099B3A3 /* CalculatorTests.swift in Sources */ = {isa = PBXBuildFile; fileRef = 5A7F1C151CB803A50099B3A3 /* CalculatorTests.swift */; };
		5A7F1C211CB803A50099B3A3 /* CalculatorUITests.swift in Sources */ = {isa = PBXBuildFile; fileRef = 5A7F1C201CB803A50099B3A3 /* CalculatorUITests.swift */; };
/* End PBXBuildFile section */

/* Begin PBXContainerItemProxy section */
		5A7F1C121CB803A50099B3A3 /* PBXContainerItemProxy */ = {
			isa = PBXContainerItemProxy;
			containerPortal = 5A7F1BF51CB803A40099B3A3 /* Project object */;
			proxyType = 1;
			remoteGlobalIDString = 5A7F1BFC1CB803A40099B3A3;
			remoteInfo = Calculator;
		};
		5A7F1C1D1CB803A50099B3A3 /* PBXContainerItemProxy */ = {
			isa = PBXContainerItemProxy;
			containerPortal = 5A7F1BF51CB803A40099B3A3 /* Project object */;
			proxyType = 1;
			remoteGlobalIDString = 5A7F1BFC1CB803A40099B3A3;
			remoteInfo = Calculator;
		};
/* End PBXContainerItemProxy section */

/* Begin PBXFileReference section */
		5A7F1BFD1CB803A40099B3A3 /* Calculator.app */ = {isa = PBXFileReference; explicitFileType = wrapper.application; includeInIndex = 0; path = Calculator.app; sourceTree = BUILT_PRODUCTS_DIR; };
		5A7F1C001CB803A40099B3A3 /* AppDelegate.swift */ = {isa = PBXFileReference; lastKnownFileType = sourcecode.swift; path = AppDelegate.swift; sourceTree = "<group>"; };
		5A7F1C021CB803A40099B3A3 /* ViewController.swift */ = {isa = PBXFileReference; lastKnownFileType = sourcecode.swift; path = ViewController.swift; sourceTree = "<group>"; };
		5A7F1C051CB803A40099B3A3 /* Base */ = {isa = PBXFileReference; lastKnownFileType = file.storyboard; name = Base; path = Base.lproj/Main.storyboard; sourceTree = "<group>"; };
		5A7F1C071CB803A50099B3A3 /* Assets.xcassets */ = {isa = PBXFileReference; lastKnownFileType = folder.assetcatalog; path = Assets.xcassets; sourceTree = "<group>"; };
		5A7F1C0A1CB803A50099B3A3 /* Base */ = {isa = PBXFileReference; lastKnownFileType = file.storyboard; name = Base; path = Base.lproj/LaunchScreen.storyboard; sourceTree = "<group>"; };
		5A7F1C0C1CB803A50099B3A3 /* Info.plist */ = {isa = PBXFileReference; lastKnownFileType = text.plist.xml; path = Info.plist; sourceTree = "<group>"; };
		5A7F1C111CB803A50099B3A3 /* CalculatorTests.xctest */ = {isa = PBXFileReference; explicitFileType = wrapper.cfbundle; includeInIndex = 0; path = CalculatorTests.xctest; sourceTree = BUILT_PRODUCTS_DIR; };
		5A7F1C151CB803A50099B3A3 /* CalculatorTests.swift */ = {isa = PBXFileReference; lastKnownFileType = sourcecode.swift; path = CalculatorTests.swift; sourceTree = "<group>"; };
		5A7F1C171CB803A50099B3A3 /* Info.plist */ = {isa = PBXFileReference; lastKnownFileType = text.plist.xml; path = Info.plist; sourceTree = "<group>"; };
		5A7F1C1C1CB803A50099B3A3 /* CalculatorUITests.xctest */ = {isa = PBXFileReference; explicitFileType = wrapper.cfbundle; includeInIndex = 0; path = CalculatorUITests.xctest; sourceTree = BUILT_PRODUCTS_DIR; };
		5A7F1C201CB803A50099B3A3 /* CalculatorUITests.swift */ = {isa = PBXFileReference; lastKnownFileType = sourcecode.swift; path = CalculatorUITests.swift; sourceTree = "<group>"; };
		5A7F1C221CB803A50099B3A3 /* Info.plist */ = {isa = PBXFileReference; lastKnownFileType = text.plist.xml; path = Info.plist; sourceTree = "<group>"; };
/* End PBXFileReference section */

/* Begin PBXFrameworksBuildPhase section */
		5A7F1BFA1CB803A40099B3A3 /* Frameworks */ = {
			isa = PBXFrameworksBuildPhase;
			buildActionMask = 2147483647;
			files = (
			);
			runOnlyForDeploymentPostprocessing = 0;
		};
		5A7F1C0E1CB803A50099B3A3 /* Frameworks */ = {
			isa = PBXFrameworksBuildPhase;
			buildActionMask = 2147483647;
			files = (
			);
			runOnlyForDeploymentPostprocessing = 0;
		};
		5A7F1C191CB803A50099B3A3 /* Frameworks */ = {
			isa = PBXFrameworksBuildPhase;
			buildActionMask = 2147483647;
			files = (
			);
			runOnlyForDeploymentPostprocessing = 0;
		};
/* End PBXFrameworksBuildPhase section */

/* Begin PBXGroup section */
		5A64A7681CBA710A0031EEF3 /* Supporting Files */ = {
			isa = PBXGroup;
			children = (
				5A7F1C001CB803A40099B3A3 /* AppDelegate.swift */,
				5A7F1C071CB803A50099B3A3 /* Assets.xcassets */,
				5A7F1C091CB803A50099B3A3 /* LaunchScreen.storyboard */,
				5A7F1C0C1CB803A50099B3A3 /* Info.plist */,
			);
			name = "Supporting Files";
			sourceTree = "<group>";
		};
		5A7F1BF41CB803A40099B3A3 = {
			isa = PBXGroup;
			children = (
				5A7F1BFF1CB803A40099B3A3 /* Calculator */,
				5A7F1C141CB803A50099B3A3 /* CalculatorTests */,
				5A7F1C1F1CB803A50099B3A3 /* CalculatorUITests */,
				5A7F1BFE1CB803A40099B3A3 /* Products */,
			);
			sourceTree = "<group>";
		};
		5A7F1BFE1CB803A40099B3A3 /* Products */ = {
			isa = PBXGroup;
			children = (
				5A7F1BFD1CB803A40099B3A3 /* Calculator.app */,
				5A7F1C111CB803A50099B3A3 /* CalculatorTests.xctest */,
				5A7F1C1C1CB803A50099B3A3 /* CalculatorUITests.xctest */,
			);
			name = Products;
			sourceTree = "<group>";
		};
		5A7F1BFF1CB803A40099B3A3 /* Calculator */ = {
			isa = PBXGroup;
			children = (
				5A7F1C021CB803A40099B3A3 /* ViewController.swift */,
				5A7F1C041CB803A40099B3A3 /* Main.storyboard */,
				5A64A7681CBA710A0031EEF3 /* Supporting Files */,
			);
			path = Calculator;
			sourceTree = "<group>";
		};
		5A7F1C141CB803A50099B3A3 /* CalculatorTests */ = {
			isa = PBXGroup;
			children = (
				5A7F1C151CB803A50099B3A3 /* CalculatorTests.swift */,
				5A7F1C171CB803A50099B3A3 /* Info.plist */,
			);
			path = CalculatorTests;
			sourceTree = "<group>";
		};
		5A7F1C1F1CB803A50099B3A3 /* CalculatorUITests */ = {
			isa = PBXGroup;
			children = (
				5A7F1C201CB803A50099B3A3 /* CalculatorUITests.swift */,
				5A7F1C221CB803A50099B3A3 /* Info.plist */,
			);
			path = CalculatorUITests;
			sourceTree = "<group>";
		};
/* End PBXGroup section */

/* Begin PBXNativeTarget section */
		5A7F1BFC1CB803A40099B3A3 /* Calculator */ = {
			isa = PBXNativeTarget;
			buildConfigurationList = 5A7F1C251CB803A50099B3A3 /* Build configuration list for PBXNativeTarget "Calculator" */;
			buildPhases = (
				5A7F1BF91CB803A40099B3A3 /* Sources */,
				5A7F1BFA1CB803A40099B3A3 /* Frameworks */,
				5A7F1BFB1CB803A40099B3A3 /* Resources */,
			);
			buildRules = (
			);
			dependencies = (
			);
			name = Calculator;
			productName = Calculator;
			productReference = 5A7F1BFD1CB803A40099B3A3 /* Calculator.app */;
			productType = "com.apple.product-type.application";
		};
		5A7F1C101CB803A50099B3A3 /* CalculatorTests */ = {
			isa = PBXNativeTarget;
			buildConfigurationList = 5A7F1C281CB803A50099B3A3 /* Build configuration list for PBXNativeTarget "CalculatorTests" */;
			buildPhases = (
				5A7F1C0D1CB803A50099B3A3 /* Sources */,
				5A7F1C0E1CB803A50099B3A3 /* Frameworks */,
				5A7F1C0F1CB803A50099B3A3 /* Resources */,
			);
			buildRules = (
			);
			dependencies = (
				5A7F1C131CB803A50099B3A3 /* PBXTargetDependency */,
			);
			name = CalculatorTests;
			productName = CalculatorTests;
			productReference = 5A7F1C111CB803A50099B3A3 /* CalculatorTests.xctest */;
			productType = "com.apple.product-type.bundle.unit-test";
		};
		5A7F1C1B1CB803A50099B3A3 /* CalculatorUITests */ = {
			isa = PBXNativeTarget;
			buildConfigurationList = 5A7F1C2B1CB803A50099B3A3 /* Build configuration list for PBXNativeTarget "CalculatorUITests" */;
			buildPhases = (
				5A7F1C181CB803A50099B3A3 /* Sources */,
				5A7F1C191CB803A50099B3A3 /* Frameworks */,
				5A7F1C1A1CB803A50099B3A3 /* Resources */,
			);
			buildRules = (
			);
			dependencies = (
				5A7F1C1E1CB803A50099B3A3 /* PBXTargetDependency */,
			);
			name = CalculatorUITests;
			productName = CalculatorUITests;
			productReference = 5A7F1C1C1CB803A50099B3A3 /* CalculatorUITests.xctest */;
			productType = "com.apple.product-type.bundle.ui-testing";
		};
/* End PBXNativeTarget section */

/* Begin PBXProject section */
		5A7F1BF51CB803A40099B3A3 /* Project object */ = {
			isa = PBXProject;
			attributes = {
				LastSwiftUpdateCheck = 0730;
				LastUpgradeCheck = 0730;
				ORGANIZATIONNAME = dancite;
				TargetAttributes = {
					5A7F1BFC1CB803A40099B3A3 = {
						CreatedOnToolsVersion = 7.3;
					};
					5A7F1C101CB803A50099B3A3 = {
						CreatedOnToolsVersion = 7.3;
						TestTargetID = 5A7F1BFC1CB803A40099B3A3;
					};
					5A7F1C1B1CB803A50099B3A3 = {
						CreatedOnToolsVersion = 7.3;
						TestTargetID = 5A7F1BFC1CB803A40099B3A3;
					};
				};
			};
			buildConfigurationList = 5A7F1BF81CB803A40099B3A3 /* Build configuration list for PBXProject "Calculator" */;
			compatibilityVersion = "Xcode 3.2";
			developmentRegion = English;
			hasScannedForEncodings = 0;
			knownRegions = (
				en,
				Base,
			);
			mainGroup = 5A7F1BF41CB803A40099B3A3;
			productRefGroup = 5A7F1BFE1CB803A40099B3A3 /* Products */;
			projectDirPath = "";
			projectRoot = "";
			targets = (
				5A7F1BFC1CB803A40099B3A3 /* Calculator */,
				5A7F1C101CB803A50099B3A3 /* CalculatorTests */,
				5A7F1C1B1CB803A50099B3A3 /* CalculatorUITests */,
			);
		};
/* End PBXProject section */

/* Begin PBXResourcesBuildPhase section */
		5A7F1BFB1CB803A40099B3A3 /* Resources */ = {
			isa = PBXResourcesBuildPhase;
			buildActionMask = 2147483647;
			files = (
				5A7F1C0B1CB803A50099B3A3 /* LaunchScreen.storyboard in Resources */,
				5A7F1C081CB803A50099B3A3 /* Assets.xcassets in Resources */,
				5A7F1C061CB803A40099B3A3 /* Main.storyboard in Resources */,
			);
			runOnlyForDeploymentPostprocessing = 0;
		};
		5A7F1C0F1CB803A50099B3A3 /* Resources */ = {
			isa = PBXResourcesBuildPhase;
			buildActionMask = 2147483647;
			files = (
			);
			runOnlyForDeploymentPostprocessing = 0;
		};
		5A7F1C1A1CB803A50099B3A3 /* Resources */ = {
			isa = PBXResourcesBuildPhase;
			buildActionMask = 2147483647;
			files = (
			);
			runOnlyForDeploymentPostprocessing = 0;
		};
/* End PBXResourcesBuildPhase section */

/* Begin PBXSourcesBuildPhase section */
		5A7F1BF91CB803A40099B3A3 /* Sources */ = {
			isa = PBXSourcesBuildPhase;
			buildActionMask = 2147483647;
			files = (
				5A7F1C031CB803A40099B3A3 /* ViewController.swift in Sources */,
				5A7F1C011CB803A40099B3A3 /* AppDelegate.swift in Sources */,
			);
			runOnlyForDeploymentPostprocessing = 0;
		};
		5A7F1C0D1CB803A50099B3A3 /* Sources */ = {
			isa = PBXSourcesBuildPhase;
			buildActionMask = 2147483647;
			files = (
				5A7F1C161CB803A50099B3A3 /* CalculatorTests.swift in Sources */,
			);
			runOnlyForDeploymentPostprocessing = 0;
		};
		5A7F1C181CB803A50099B3A3 /* Sources */ = {
			isa = PBXSourcesBuildPhase;
			buildActionMask = 2147483647;
			files = (
				5A7F1C211CB803A50099B3A3 /* CalculatorUITests.swift in Sources */,
			);
			runOnlyForDeploymentPostprocessing = 0;
		};
/* End PBXSourcesBuildPhase section */

/* Begin PBXTargetDependency section */
		5A7F1C131CB803A50099B3A3 /* PBXTargetDependency */ = {
			isa = PBXTargetDependency;
			target = 5A7F1BFC1CB803A40099B3A3 /* Calculator */;
			targetProxy = 5A7F1C121CB803A50099B3A3 /* PBXContainerItemProxy */;
		};
		5A7F1C1E1CB803A50099B3A3 /* PBXTargetDependency */ = {
			isa = PBXTargetDependency;
			target = 5A7F1BFC1CB803A40099B3A3 /* Calculator */;
			targetProxy = 5A7F1C1D1CB803A50099B3A3 /* PBXContainerItemProxy */;
		};
/* End PBXTargetDependency section */

/* Begin PBXVariantGroup section */
		5A7F1C041CB803A40099B3A3 /* Main.storyboard */ = {
			isa = PBXVariantGroup;
			children = (
				5A7F1C051CB803A40099B3A3 /* Base */,
			);
			name = Main.storyboard;
			sourceTree = "<group>";
		};
		5A7F1C091CB803A50099B3A3 /* LaunchScreen.storyboard */ = {
			isa = PBXVariantGroup;
			children = (
				5A7F1C0A1CB803A50099B3A3 /* Base */,
			);
			name = LaunchScreen.storyboard;
			sourceTree = "<group>";
		};
/* End PBXVariantGroup section */

/* Begin XCBuildConfiguration section */
		5A7F1C231CB803A50099B3A3 /* Debug */ = {
			isa = XCBuildConfiguration;
			buildSettings = {
				ALWAYS_SEARCH_USER_PATHS = NO;
				CLANG_ANALYZER_NONNULL = YES;
				CLANG_CXX_LANGUAGE_STANDARD = "gnu++0x";
				CLANG_CXX_LIBRARY = "libc++";
				CLANG_ENABLE_MODULES = YES;
				CLANG_ENABLE_OBJC_ARC = YES;
				CLANG_WARN_BOOL_CONVERSION = YES;
				CLANG_WARN_CONSTANT_CONVERSION = YES;
				CLANG_WARN_DIRECT_OBJC_ISA_USAGE = YES_ERROR;
				CLANG_WARN_EMPTY_BODY = YES;
				CLANG_WARN_ENUM_CONVERSION = YES;
				CLANG_WARN_INT_CONVERSION = YES;
				CLANG_WARN_OBJC_ROOT_CLASS = YES_ERROR;
				CLANG_WARN_UNREACHABLE_CODE = YES;
				CLANG_WARN__DUPLICATE_METHOD_MATCH = YES;
				"CODE_SIGN_IDENTITY[sdk=iphoneos*]" = "iPhone Developer";
				COPY_PHASE_STRIP = NO;
				DEBUG_INFORMATION_FORMAT = dwarf;
				ENABLE_STRICT_OBJC_MSGSEND = YES;
				ENABLE_TESTABILITY = YES;
				GCC_C_LANGUAGE_STANDARD = gnu99;
				GCC_DYNAMIC_NO_PIC = NO;
				GCC_NO_COMMON_BLOCKS = YES;
				GCC_OPTIMIZATION_LEVEL = 0;
				GCC_PREPROCESSOR_DEFINITIONS = (
					"DEBUG=1",
					"$(inherited)",
				);
				GCC_WARN_64_TO_32_BIT_CONVERSION = YES;
				GCC_WARN_ABOUT_RETURN_TYPE = YES_ERROR;
				GCC_WARN_UNDECLARED_SELECTOR = YES;
				GCC_WARN_UNINITIALIZED_AUTOS = YES_AGGRESSIVE;
				GCC_WARN_UNUSED_FUNCTION = YES;
				GCC_WARN_UNUSED_VARIABLE = YES;
				IPHONEOS_DEPLOYMENT_TARGET = 9.3;
				MTL_ENABLE_DEBUG_INFO = YES;
				ONLY_ACTIVE_ARCH = YES;
				SDKROOT = iphoneos;
				SWIFT_OPTIMIZATION_LEVEL = "-Onone";
				TARGETED_DEVICE_FAMILY = "1,2";
			};
			name = Debug;
		};
		5A7F1C241CB803A50099B3A3 /* Release */ = {
			isa = XCBuildConfiguration;
			buildSettings = {
				ALWAYS_SEARCH_USER_PATHS = NO;
				CLANG_ANALYZER_NONNULL = YES;
				CLANG_CXX_LANGUAGE_STANDARD = "gnu++0x";
				CLANG_CXX_LIBRARY = "libc++";
				CLANG_ENABLE_MODULES = YES;
				CLANG_ENABLE_OBJC_ARC = YES;
				CLANG_WARN_BOOL_CONVERSION = YES;
				CLANG_WARN_CONSTANT_CONVERSION = YES;
				CLANG_WARN_DIRECT_OBJC_ISA_USAGE = YES_ERROR;
				CLANG_WARN_EMPTY_BODY = YES;
				CLANG_WARN_ENUM_CONVERSION = YES;
				CLANG_WARN_INT_CONVERSION = YES;
				CLANG_WARN_OBJC_ROOT_CLASS = YES_ERROR;
				CLANG_WARN_UNREACHABLE_CODE = YES;
				CLANG_WARN__DUPLICATE_METHOD_MATCH = YES;
				"CODE_SIGN_IDENTITY[sdk=iphoneos*]" = "iPhone Developer";
				COPY_PHASE_STRIP = NO;
				DEBUG_INFORMATION_FORMAT = "dwarf-with-dsym";
				ENABLE_NS_ASSERTIONS = NO;
				ENABLE_STRICT_OBJC_MSGSEND = YES;
				GCC_C_LANGUAGE_STANDARD = gnu99;
				GCC_NO_COMMON_BLOCKS = YES;
				GCC_WARN_64_TO_32_BIT_CONVERSION = YES;
				GCC_WARN_ABOUT_RETURN_TYPE = YES_ERROR;
				GCC_WARN_UNDECLARED_SELECTOR = YES;
				GCC_WARN_UNINITIALIZED_AUTOS = YES_AGGRESSIVE;
				GCC_WARN_UNUSED_FUNCTION = YES;
				GCC_WARN_UNUSED_VARIABLE = YES;
				IPHONEOS_DEPLOYMENT_TARGET = 9.3;
				MTL_ENABLE_DEBUG_INFO = NO;
				SDKROOT = iphoneos;
				TARGETED_DEVICE_FAMILY = "1,2";
				VALIDATE_PRODUCT = YES;
			};
			name = Release;
		};
		5A7F1C261CB803A50099B3A3 /* Debug */ = {
			isa = XCBuildConfiguration;
			buildSettings = {
				ASSETCATALOG_COMPILER_APPICON_NAME = AppIcon;
				INFOPLIST_FILE = Calculator/Info.plist;
				LD_RUNPATH_SEARCH_PATHS = "$(inherited) @executable_path/Frameworks";
				PRODUCT_BUNDLE_IDENTIFIER = com.dancite.Calculator;
				PRODUCT_NAME = "$(TARGET_NAME)";
			};
			name = Debug;
		};
		5A7F1C271CB803A50099B3A3 /* Release */ = {
			isa = XCBuildConfiguration;
			buildSettings = {
				ASSETCATALOG_COMPILER_APPICON_NAME = AppIcon;
				INFOPLIST_FILE = Calculator/Info.plist;
				LD_RUNPATH_SEARCH_PATHS = "$(inherited) @executable_path/Frameworks";
				PRODUCT_BUNDLE_IDENTIFIER = com.dancite.Calculator;
				PRODUCT_NAME = "$(TARGET_NAME)";
			};
			name = Release;
		};
		5A7F1C291CB803A50099B3A3 /* Debug */ = {
			isa = XCBuildConfiguration;
			buildSettings = {
				BUNDLE_LOADER = "$(TEST_HOST)";
				INFOPLIST_FILE = CalculatorTests/Info.plist;
				LD_RUNPATH_SEARCH_PATHS = "$(inherited) @executable_path/Frameworks @loader_path/Frameworks";
				PRODUCT_BUNDLE_IDENTIFIER = com.dancite.CalculatorTests;
				PRODUCT_NAME = "$(TARGET_NAME)";
				TEST_HOST = "$(BUILT_PRODUCTS_DIR)/Calculator.app/Calculator";
			};
			name = Debug;
		};
		5A7F1C2A1CB803A50099B3A3 /* Release */ = {
			isa = XCBuildConfiguration;
			buildSettings = {
				BUNDLE_LOADER = "$(TEST_HOST)";
				INFOPLIST_FILE = CalculatorTests/Info.plist;
				LD_RUNPATH_SEARCH_PATHS = "$(inherited) @executable_path/Frameworks @loader_path/Frameworks";
				PRODUCT_BUNDLE_IDENTIFIER = com.dancite.CalculatorTests;
				PRODUCT_NAME = "$(TARGET_NAME)";
				TEST_HOST = "$(BUILT_PRODUCTS_DIR)/Calculator.app/Calculator";
			};
			name = Release;
		};
		5A7F1C2C1CB803A50099B3A3 /* Debug */ = {
			isa = XCBuildConfiguration;
			buildSettings = {
				INFOPLIST_FILE = CalculatorUITests/Info.plist;
				LD_RUNPATH_SEARCH_PATHS = "$(inherited) @executable_path/Frameworks @loader_path/Frameworks";
				PRODUCT_BUNDLE_IDENTIFIER = com.dancite.CalculatorUITests;
				PRODUCT_NAME = "$(TARGET_NAME)";
				TEST_TARGET_NAME = Calculator;
			};
			name = Debug;
		};
		5A7F1C2D1CB803A50099B3A3 /* Release */ = {
			isa = XCBuildConfiguration;
			buildSettings = {
				INFOPLIST_FILE = CalculatorUITests/Info.plist;
				LD_RUNPATH_SEARCH_PATHS = "$(inherited) @executable_path/Frameworks @loader_path/Frameworks";
				PRODUCT_BUNDLE_IDENTIFIER = com.dancite.CalculatorUITests;
				PRODUCT_NAME = "$(TARGET_NAME)";
				TEST_TARGET_NAME = Calculator;
			};
			name = Release;
		};
/* End XCBuildConfiguration section */

/* Begin XCConfigurationList section */
		5A7F1BF81CB803A40099B3A3 /* Build configuration list for PBXProject "Calculator" */ = {
			isa = XCConfigurationList;
			buildConfigurations = (
				5A7F1C231CB803A50099B3A3 /* Debug */,
				5A7F1C241CB803A50099B3A3 /* Release */,
			);
			defaultConfigurationIsVisible = 0;
			defaultConfigurationName = Release;
		};
		5A7F1C251CB803A50099B3A3 /* Build configuration list for PBXNativeTarget "Calculator" */ = {
			isa = XCConfigurationList;
			buildConfigurations = (
				5A7F1C261CB803A50099B3A3 /* Debug */,
				5A7F1C271CB803A50099B3A3 /* Release */,
			);
			defaultConfigurationIsVisible = 0;
			defaultConfigurationName = Release;
		};
		5A7F1C281CB803A50099B3A3 /* Build configuration list for PBXNativeTarget "CalculatorTests" */ = {
			isa = XCConfigurationList;
			buildConfigurations = (
				5A7F1C291CB803A50099B3A3 /* Debug */,
				5A7F1C2A1CB803A50099B3A3 /* Release */,
			);
			defaultConfigurationIsVisible = 0;
			defaultConfigurationName = Release;
		};
		5A7F1C2B1CB803A50099B3A3 /* Build configuration list for PBXNativeTarget "CalculatorUITests" */ = {
			isa = XCConfigurationList;
			buildConfigurations = (
				5A7F1C2C1CB803A50099B3A3 /* Debug */,
				5A7F1C2D1CB803A50099B3A3 /* Release */,
			);
			defaultConfigurationIsVisible = 0;
			defaultConfigurationName = Release;
		};
/* End XCConfigurationList section */
	};
	rootObject = 5A7F1BF51CB803A40099B3A3 /* Project object */;
}
